
Microsoft Visual Studio Solution File, Format Version 12.00
Project("{FAE04EC0-301F-11D3-BF4B-00C04F79EFBC}") = "MistralSample", "MistralSample.csproj", "{69E5F027-5EA3-4A24-A0D1-B96F333205F7}"
EndProject
Project("{FAE04EC0-301F-11D3-BF4B-00C04F79EFBC}") = "MistralSharp", "..\src\MistralSharp.csproj", "{FC3DA634-6B68-4FC7-97FC-931E5DAB98C6}"
EndProject
Global
	GlobalSection(SolutionConfigurationPlatforms) = preSolution
		Debug|Any CPU = Debug|Any CPU
		Release|Any CPU = Release|Any CPU
	EndGlobalSection
	GlobalSection(ProjectConfigurationPlatforms) = postSolution
		{69E5F027-5EA3-4A24-A0D1-B96F333205F7}.Debug|Any CPU.ActiveCfg = Debug|Any CPU
		{69E5F027-5EA3-4A24-A0D1-B96F333205F7}.Debug|Any CPU.Build.0 = Debug|Any CPU
		{69E5F027-5EA3-4A24-A0D1-B96F333205F7}.Release|Any CPU.ActiveCfg = Release|Any CPU
		{69E5F027-5EA3-4A24-A0D1-B96F333205F7}.Release|Any CPU.Build.0 = Release|Any CPU
		{FC3DA634-6B68-4FC7-97FC-931E5DAB98C6}.Debug|Any CPU.ActiveCfg = Debug|Any CPU
		{FC3DA634-6B68-4FC7-97FC-931E5DAB98C6}.Debug|Any CPU.Build.0 = Debug|Any CPU
		{FC3DA634-6B68-4FC7-97FC-931E5DAB98C6}.Release|Any CPU.ActiveCfg = Release|Any CPU
		{FC3DA634-6B68-4FC7-97FC-931E5DAB98C6}.Release|Any CPU.Build.0 = Release|Any CPU
	EndGlobalSection
EndGlobal
