
Microsoft Visual Studio Solution File, Format Version 12.00
# Visual Studio Version 17
VisualStudioVersion = 17.9.34526.213
MinimumVisualStudioVersion = 10.0.40219.1
Project("{9A19103F-16F7-4668-BE54-9A1E7A4F7556}") = "MistralSharp", "MistralSharp.csproj", "{25DCAC92-5AF0-464F-89DF-ECE86B16DF3F}"
EndProject
Project("{FAE04EC0-301F-11D3-BF4B-00C04F79EFBC}") = "MistralSharp.Tests", "..\MistralSharp.Tests\MistralSharp.Tests.csproj", "{1A51E35A-678F-4A56-9623-186A1736397D}"
EndProject
Global
	GlobalSection(SolutionConfigurationPlatforms) = preSolution
		Debug|Any CPU = Debug|Any CPU
		Release|Any CPU = Release|Any CPU
	EndGlobalSection
	GlobalSection(ProjectConfigurationPlatforms) = postSolution
		{25DCAC92-5AF0-464F-89DF-ECE86B16DF3F}.Debug|Any CPU.ActiveCfg = Debug|Any CPU
		{25DCAC92-5AF0-464F-89DF-ECE86B16DF3F}.Debug|Any CPU.Build.0 = Debug|Any CPU
		{25DCAC92-5AF0-464F-89DF-ECE86B16DF3F}.Release|Any CPU.ActiveCfg = Release|Any CPU
		{25DCAC92-5AF0-464F-89DF-ECE86B16DF3F}.Release|Any CPU.Build.0 = Release|Any CPU
		{1A51E35A-678F-4A56-9623-186A1736397D}.Debug|Any CPU.ActiveCfg = Debug|Any CPU
		{1A51E35A-678F-4A56-9623-186A1736397D}.Debug|Any CPU.Build.0 = Debug|Any CPU
		{1A51E35A-678F-4A56-9623-186A1736397D}.Release|Any CPU.ActiveCfg = Release|Any CPU
		{1A51E35A-678F-4A56-9623-186A1736397D}.Release|Any CPU.Build.0 = Release|Any CPU
	EndGlobalSection
	GlobalSection(SolutionProperties) = preSolution
		HideSolutionNode = FALSE
	EndGlobalSection
EndGlobal
